
Microsoft Visual Studio Solution File, Format Version 12.00
# Visual Studio Version 17
VisualStudioVersion = 17.4.33122.133
MinimumVisualStudioVersion = 10.0.40219.1
Project("{FAE04EC0-301F-11D3-BF4B-00C04F79EFBC}") = "ElearnBackEnd", "ElearnBackEnd\ElearnBackEnd.csproj", "{EFC296F6-CCB9-4736-96C4-294C5FC32A41}"
EndProject
Global
	GlobalSection(SolutionConfigurationPlatforms) = preSolution
		Debug|Any CPU = Debug|Any CPU
		Release|Any CPU = Release|Any CPU
	EndGlobalSection
	GlobalSection(ProjectConfigurationPlatforms) = postSolution
		{EFC296F6-CCB9-4736-96C4-294C5FC32A41}.Debug|Any CPU.ActiveCfg = Debug|Any CPU
		{EFC296F6-CCB9-4736-96C4-294C5FC32A41}.Debug|Any CPU.Build.0 = Debug|Any CPU
		{EFC296F6-CCB9-4736-96C4-294C5FC32A41}.Release|Any CPU.ActiveCfg = Release|Any CPU
		{EFC296F6-CCB9-4736-96C4-294C5FC32A41}.Release|Any CPU.Build.0 = Release|Any CPU
	EndGlobalSection
	GlobalSection(SolutionProperties) = preSolution
		HideSolutionNode = FALSE
	EndGlobalSection
	GlobalSection(ExtensibilityGlobals) = postSolution
		SolutionGuid = {206D47E9-39D4-47B5-AD70-26A90D9CA750}
	EndGlobalSection
EndGlobal
